<?xml version="1.0" encoding="utf-8"?>
<Project ToolsVersion="4.0" xmlns="http://schemas.microsoft.com/developer/msbuild/2003">
  <ItemGroup>
    <Filter Include="源文件">
      <UniqueIdentifier>{4FC737F1-C7A5-4376-A066-2A32D752A2FF}</UniqueIdentifier>
      <Extensions>cpp;c;cc;cxx;c++;cppm;ixx;def;odl;idl;hpj;bat;asm;asmx</Extensions>
    </Filter>
    <Filter Include="头文件">
      <UniqueIdentifier>{93995380-89BD-4b04-88EB-625FBE52EBFB}</UniqueIdentifier>
      <Extensions>h;hh;hpp;hxx;h++;hm;inl;inc;ipp;xsd</Extensions>
    </Filter>
    <Filter Include="资源文件">
      <UniqueIdentifier>{67DA6AB6-F800-4c08-8B7A-83BB121AAD01}</UniqueIdentifier>
      <Extensions>rc;ico;cur;bmp;dlg;rc2;rct;bin;rgs;gif;jpg;jpeg;jpe;resx;tiff;tif;png;wav;mfcribbon-ms</Extensions>
    </Filter>
    <Filter Include="源文件\section1">
      <UniqueIdentifier>{224b1455-6135-45ad-824b-541ce55848f8}</UniqueIdentifier>
    </Filter>
    <Filter Include="源文件\section1\Project">
      <UniqueIdentifier>{f3f1eb6d-8f80-4e19-b57f-3cc8129f6197}</UniqueIdentifier>
    </Filter>
    <Filter Include="源文件\section1\Duration">
      <UniqueIdentifier>{57eb3244-68ba-42fc-8a38-a045298cf6c1}</UniqueIdentifier>
    </Filter>
    <Filter Include="源文件\section2">
      <UniqueIdentifier>{c1130807-8dc1-4586-832a-889b950e6752}</UniqueIdentifier>
    </Filter>
    <Filter Include="头文件\section1">
      <UniqueIdentifier>{36160138-5b81-4be9-a178-70faf80d65e2}</UniqueIdentifier>
    </Filter>
    <Filter Include="头文件\section2">
      <UniqueIdentifier>{dabe9d35-be27-4a58-91a7-f61cd30413ad}</UniqueIdentifier>
    </Filter>
    <Filter Include="头文件\section1\Duration">
      <UniqueIdentifier>{d40ef707-09c1-4a21-bf03-8bf0fa24d424}</UniqueIdentifier>
    </Filter>
    <Filter Include="头文件\section1\Project">
      <UniqueIdentifier>{e62cd7e6-a69c-4d74-81dc-da2794e17e32}</UniqueIdentifier>
    </Filter>
    <Filter Include="头文件\section2\Duration">
      <UniqueIdentifier>{e243599b-a22d-4cf0-b75c-fa2a0987037c}</UniqueIdentifier>
    </Filter>
    <Filter Include="头文件\section2\Project">
      <UniqueIdentifier>{e4dd22b6-b60d-4886-821e-21b9eed49cbb}</UniqueIdentifier>
    </Filter>
    <Filter Include="源文件\section2\Duration">
      <UniqueIdentifier>{cd4df85d-9c5d-4edc-a54b-710f059469c9}</UniqueIdentifier>
    </Filter>
    <Filter Include="源文件\section2\Project">
      <UniqueIdentifier>{e752360c-7fbd-45b9-a38d-e8e6a3c2f9eb}</UniqueIdentifier>
    </Filter>
  </ItemGroup>
  <ItemGroup>
    <ClInclude Include="Learning_CPP.h">
      <Filter>头文件\section1\Duration</Filter>
    </ClInclude>
    <ClInclude Include="Launcher.h">
      <Filter>头文件\section1\Project</Filter>
    </ClInclude>
  </ItemGroup>
  <ItemGroup>
    <ClCompile Include="Learning_CPP.txt">
      <Filter>源文件\section1\Duration</Filter>
    </ClCompile>
    <ClCompile Include="Launcher.cpp">
      <Filter>源文件\section1\Project</Filter>
    </ClCompile>
  </ItemGroup>
</Project>